{
  "version": 4,
  "terraform_version": "1.14.3",
  "serial": 45,
  "lineage": "ac391f2e-81e8-1ef3-a004-ffad53387945",
  "outputs": {
    "api_gateway_url": {
      "value": "https://bnrsxjxkob.execute-api.us-east-2.amazonaws.com",
      "type": "string"
    },
    "cloudfront_url": {
      "value": "https://d4hrygu5h81he.cloudfront.net",
      "type": "string"
    },
    "custom_domain_url": {
      "value": "https://anandiyerdigitwin.com",
      "type": "string"
    },
    "lambda_function_name": {
      "value": "twin-test-api",
      "type": "string"
    },
    "s3_frontend_bucket": {
      "value": "twin-test-frontend-956754411486",
      "type": "string"
    },
    "s3_memory_bucket": {
      "value": "twin-test-memory-956754411486",
      "type": "string"
    }
  },
  "resources": [
    {
      "mode": "data",
      "type": "aws_caller_identity",
      "name": "current",
      "provider": "provider[\"registry.terraform.io/hashicorp/aws\"]",
      "instances": [
        {
          "schema_version": 0,
          "attributes": {
            "account_id": "956754411486",
            "arn": "arn:aws:iam::956754411486:user/aiengineer",
            "id": "956754411486",
            "user_id": "AIDA55QYBX7PKV6GNLQRO"
          },
          "sensitive_attributes": [],
          "identity_schema_version": 0
        }
      ]
    },
    {
      "mode": "data",
      "type": "aws_route53_zone",
      "name": "root",
      "provider": "provider[\"registry.terraform.io/hashicorp/aws\"]",
      "instances": [
        {
          "index_key": 0,
          "schema_version": 0,
          "attributes": {
            "arn": "arn:aws:route53:::hostedzone/Z01071911UDPY7CN3PRVK",
            "caller_reference": "RISWorkflow-RD:c6015fce-7186-4b13-9a8e-2f2a46689e90",
            "comment": "HostedZone created by Route53 Registrar",
            "enable_accelerated_recovery": false,
            "id": "Z01071911UDPY7CN3PRVK",
            "linked_service_description": null,
            "linked_service_principal": null,
            "name": "anandiyerdigitwin.com",
            "name_servers": [
              "ns-1447.awsdns-52.org",
              "ns-319.awsdns-39.com",
              "ns-2030.awsdns-61.co.uk",
              "ns-817.awsdns-38.net"
            ],
            "primary_name_server": "ns-1447.awsdns-52.org",
            "private_zone": false,
            "resource_record_set_count": 8,
            "tags": {},
            "vpc_id": null,
            "zone_id": "Z01071911UDPY7CN3PRVK"
          },
          "sensitive_attributes": [],
          "identity_schema_version": 0
        }
      ]
    },
    {
      "mode": "managed",
      "type": "aws_acm_certificate",
      "name": "site",
      "provider": "provider[\"registry.terraform.io/hashicorp/aws\"].us_east_1",
      "instances": [
        {
          "index_key": 0,
          "schema_version": 0,
          "attributes": {
            "arn": "arn:aws:acm:us-east-1:956754411486:certificate/2607d28f-ca28-4678-a96f-510fda6cdacb",
            "certificate_authority_arn": "",
            "certificate_body": null,
            "certificate_chain": null,
            "domain_name": "anandiyerdigitwin.com",
            "domain_validation_options": [
              {
                "domain_name": "anandiyerdigitwin.com",
                "resource_record_name": "_6ee8309cb8e99bca86812a86ec49e34a.anandiyerdigitwin.com.",
                "resource_record_type": "CNAME",
                "resource_record_value": "_1fea5b0c756ee3f1be9e285621e5e948.jkddzztszm.acm-validations.aws."
              },
              {
                "domain_name": "www.anandiyerdigitwin.com",
                "resource_record_name": "_1e1387ece32bc6446affef691c2cd0c6.www.anandiyerdigitwin.com.",
                "resource_record_type": "CNAME",
                "resource_record_value": "_2fc6155b7f22f3d73b443fc5077b42fb.jkddzztszm.acm-validations.aws."
              }
            ],
            "early_renewal_duration": "",
            "id": "arn:aws:acm:us-east-1:956754411486:certificate/2607d28f-ca28-4678-a96f-510fda6cdacb",
            "key_algorithm": "RSA_2048",
            "not_after": "2027-02-25T23:59:59Z",
            "not_before": "2026-01-27T00:00:00Z",
            "options": [
              {
                "certificate_transparency_logging_preference": "ENABLED",
                "export": "DISABLED"
              }
            ],
            "pending_renewal": false,
            "private_key": null,
            "region": "us-east-1",
            "renewal_eligibility": "ELIGIBLE",
            "renewal_summary": [],
            "status": "ISSUED",
            "subject_alternative_names": [
              "anandiyerdigitwin.com",
              "www.anandiyerdigitwin.com"
            ],
            "tags": {
              "Environment": "test",
              "ManagedBy": "terraform",
              "Project": "twin"
            },
            "tags_all": {
              "Environment": "test",
              "ManagedBy": "terraform",
              "Project": "twin"
            },
            "type": "AMAZON_ISSUED",
            "validation_emails": [],
            "validation_method": "DNS",
            "validation_option": []
          },
          "sensitive_attributes": [
            [
              {
                "type": "get_attr",
                "value": "private_key"
              }
            ]
          ],
          "identity_schema_version": 0,
          "identity": {
            "arn": "arn:aws:acm:us-east-1:956754411486:certificate/2607d28f-ca28-4678-a96f-510fda6cdacb"
          },
          "private": "bnVsbA==",
          "create_before_destroy": true
        }
      ]
    },
    {
      "mode": "managed",
      "type": "aws_acm_certificate_validation",
      "name": "site",
      "provider": "provider[\"registry.terraform.io/hashicorp/aws\"].us_east_1",
      "instances": [
        {
          "index_key": 0,
          "schema_version": 0,
          "attributes": {
            "certificate_arn": "arn:aws:acm:us-east-1:956754411486:certificate/2607d28f-ca28-4678-a96f-510fda6cdacb",
            "id": "2026-01-27 02:32:15.583 +0000 UTC",
            "region": "us-east-1",
            "timeouts": null,
            "validation_record_fqdns": [
              "_1e1387ece32bc6446affef691c2cd0c6.www.anandiyerdigitwin.com",
              "_6ee8309cb8e99bca86812a86ec49e34a.anandiyerdigitwin.com"
            ]
          },
          "sensitive_attributes": [],
          "identity_schema_version": 0,
          "private": "eyJlMmJmYjczMC1lY2FhLTExZTYtOGY4OC0zNDM2M2JjN2M0YzAiOnsiY3JlYXRlIjo0NTAwMDAwMDAwMDAwfX0=",
          "dependencies": [
            "aws_acm_certificate.site",
            "aws_route53_record.site_validation",
            "data.aws_route53_zone.root"
          ]
        }
      ]
    },
    {
      "mode": "managed",
      "type": "aws_apigatewayv2_api",
      "name": "main",
      "provider": "provider[\"registry.terraform.io/hashicorp/aws\"]",
      "instances": [
        {
          "schema_version": 0,
          "attributes": {
            "api_endpoint": "https://bnrsxjxkob.execute-api.us-east-2.amazonaws.com",
            "api_key_selection_expression": "$request.header.x-api-key",
            "arn": "arn:aws:apigateway:us-east-2::/apis/bnrsxjxkob",
            "body": null,
            "cors_configuration": [
              {
                "allow_credentials": false,
                "allow_headers": [
                  "*"
                ],
                "allow_methods": [
                  "GET",
                  "OPTIONS",
                  "POST"
                ],
                "allow_origins": [
                  "*"
                ],
                "expose_headers": [],
                "max_age": 300
              }
            ],
            "credentials_arn": null,
            "description": "",
            "disable_execute_api_endpoint": false,
            "execution_arn": "arn:aws:execute-api:us-east-2:956754411486:bnrsxjxkob",
            "fail_on_warnings": null,
            "id": "bnrsxjxkob",
            "ip_address_type": "ipv4",
            "name": "twin-test-api-gateway",
            "protocol_type": "HTTP",
            "region": "us-east-2",
            "route_key": null,
            "route_selection_expression": "$request.method $request.path",
            "tags": {
              "Environment": "test",
              "ManagedBy": "terraform",
              "Project": "twin"
            },
            "tags_all": {
              "Environment": "test",
              "ManagedBy": "terraform",
              "Project": "twin"
            },
            "target": null,
            "version": ""
          },
          "sensitive_attributes": [],
          "identity_schema_version": 0,
          "private": "bnVsbA=="
        }
      ]
    },
    {
      "mode": "managed",
      "type": "aws_apigatewayv2_integration",
      "name": "lambda",
      "provider": "provider[\"registry.terraform.io/hashicorp/aws\"]",
      "instances": [
        {
          "schema_version": 0,
          "attributes": {
            "api_id": "bnrsxjxkob",
            "connection_id": "",
            "connection_type": "INTERNET",
            "content_handling_strategy": "",
            "credentials_arn": "",
            "description": "",
            "id": "zs7t62b",
            "integration_method": "POST",
            "integration_response_selection_expression": "",
            "integration_subtype": "",
            "integration_type": "AWS_PROXY",
            "integration_uri": "arn:aws:apigateway:us-east-2:lambda:path/2015-03-31/functions/arn:aws:lambda:us-east-2:956754411486:function:twin-test-api/invocations",
            "passthrough_behavior": "",
            "payload_format_version": "1.0",
            "region": "us-east-2",
            "request_parameters": {},
            "request_templates": {},
            "response_parameters": [],
            "template_selection_expression": "",
            "timeout_milliseconds": 30000,
            "tls_config": []
          },
          "sensitive_attributes": [],
          "identity_schema_version": 0,
          "private": "bnVsbA==",
          "dependencies": [
            "aws_acm_certificate.site",
            "aws_apigatewayv2_api.main",
            "aws_cloudfront_distribution.main",
            "aws_iam_role.lambda_role",
            "aws_lambda_function.api",
            "aws_s3_bucket.frontend",
            "aws_s3_bucket.memory",
            "aws_s3_bucket_website_configuration.frontend",
            "data.aws_caller_identity.current"
          ]
        }
      ]
    },
    {
      "mode": "managed",
      "type": "aws_apigatewayv2_route",
      "name": "get_health",
      "provider": "provider[\"registry.terraform.io/hashicorp/aws\"]",
      "instances": [
        {
          "schema_version": 0,
          "attributes": {
            "api_id": "bnrsxjxkob",
            "api_key_required": false,
            "authorization_scopes": [],
            "authorization_type": "NONE",
            "authorizer_id": "",
            "id": "xbcyhr3",
            "model_selection_expression": "",
            "operation_name": "",
            "region": "us-east-2",
            "request_models": {},
            "request_parameter": [],
            "route_key": "GET /health",
            "route_response_selection_expression": "",
            "target": "integrations/zs7t62b"
          },
          "sensitive_attributes": [],
          "identity_schema_version": 0,
          "private": "bnVsbA==",
          "dependencies": [
            "aws_acm_certificate.site",
            "aws_apigatewayv2_api.main",
            "aws_apigatewayv2_integration.lambda",
            "aws_cloudfront_distribution.main",
            "aws_iam_role.lambda_role",
            "aws_lambda_function.api",
            "aws_s3_bucket.frontend",
            "aws_s3_bucket.memory",
            "aws_s3_bucket_website_configuration.frontend",
            "data.aws_caller_identity.current"
          ]
        }
      ]
    },
    {
      "mode": "managed",
      "type": "aws_apigatewayv2_route",
      "name": "get_root",
      "provider": "provider[\"registry.terraform.io/hashicorp/aws\"]",
      "instances": [
        {
          "schema_version": 0,
          "attributes": {
            "api_id": "bnrsxjxkob",
            "api_key_required": false,
            "authorization_scopes": [],
            "authorization_type": "NONE",
            "authorizer_id": "",
            "id": "914y1na",
            "model_selection_expression": "",
            "operation_name": "",
            "region": "us-east-2",
            "request_models": {},
            "request_parameter": [],
            "route_key": "GET /",
            "route_response_selection_expression": "",
            "target": "integrations/zs7t62b"
          },
          "sensitive_attributes": [],
          "identity_schema_version": 0,
          "private": "bnVsbA==",
          "dependencies": [
            "aws_acm_certificate.site",
            "aws_apigatewayv2_api.main",
            "aws_apigatewayv2_integration.lambda",
            "aws_cloudfront_distribution.main",
            "aws_iam_role.lambda_role",
            "aws_lambda_function.api",
            "aws_s3_bucket.frontend",
            "aws_s3_bucket.memory",
            "aws_s3_bucket_website_configuration.frontend",
            "data.aws_caller_identity.current"
          ]
        }
      ]
    },
    {
      "mode": "managed",
      "type": "aws_apigatewayv2_route",
      "name": "post_chat",
      "provider": "provider[\"registry.terraform.io/hashicorp/aws\"]",
      "instances": [
        {
          "schema_version": 0,
          "attributes": {
            "api_id": "bnrsxjxkob",
            "api_key_required": false,
            "authorization_scopes": [],
            "authorization_type": "NONE",
            "authorizer_id": "",
            "id": "4wwmmz4",
            "model_selection_expression": "",
            "operation_name": "",
            "region": "us-east-2",
            "request_models": {},
            "request_parameter": [],
            "route_key": "POST /chat",
            "route_response_selection_expression": "",
            "target": "integrations/zs7t62b"
          },
          "sensitive_attributes": [],
          "identity_schema_version": 0,
          "private": "bnVsbA==",
          "dependencies": [
            "aws_acm_certificate.site",
            "aws_apigatewayv2_api.main",
            "aws_apigatewayv2_integration.lambda",
            "aws_cloudfront_distribution.main",
            "aws_iam_role.lambda_role",
            "aws_lambda_function.api",
            "aws_s3_bucket.frontend",
            "aws_s3_bucket.memory",
            "aws_s3_bucket_website_configuration.frontend",
            "data.aws_caller_identity.current"
          ]
        }
      ]
    },
    {
      "mode": "managed",
      "type": "aws_apigatewayv2_stage",
      "name": "default",
      "provider": "provider[\"registry.terraform.io/hashicorp/aws\"]",
      "instances": [
        {
          "schema_version": 0,
          "attributes": {
            "access_log_settings": [],
            "api_id": "bnrsxjxkob",
            "arn": "arn:aws:apigateway:us-east-2::/apis/bnrsxjxkob/stages/$default",
            "auto_deploy": true,
            "client_certificate_id": "",
            "default_route_settings": [
              {
                "data_trace_enabled": false,
                "detailed_metrics_enabled": false,
                "logging_level": "",
                "throttling_burst_limit": 10,
                "throttling_rate_limit": 5
              }
            ],
            "deployment_id": "f4nscv",
            "description": "",
            "execution_arn": "arn:aws:execute-api:us-east-2:956754411486:bnrsxjxkob/$default",
            "id": "$default",
            "invoke_url": "https://bnrsxjxkob.execute-api.us-east-2.amazonaws.com/",
            "name": "$default",
            "region": "us-east-2",
            "route_settings": [],
            "stage_variables": {},
            "tags": {
              "Environment": "test",
              "ManagedBy": "terraform",
              "Project": "twin"
            },
            "tags_all": {
              "Environment": "test",
              "ManagedBy": "terraform",
              "Project": "twin"
            }
          },
          "sensitive_attributes": [],
          "identity_schema_version": 0,
          "private": "bnVsbA==",
          "dependencies": [
            "aws_apigatewayv2_api.main"
          ]
        }
      ]
    },
    {
      "mode": "managed",
      "type": "aws_cloudfront_distribution",
      "name": "main",
      "provider": "provider[\"registry.terraform.io/hashicorp/aws\"]",
      "instances": [
        {
          "schema_version": 1,
          "attributes": {
            "aliases": [
              "anandiyerdigitwin.com",
              "www.anandiyerdigitwin.com"
            ],
            "anycast_ip_list_id": "",
            "arn": "arn:aws:cloudfront::956754411486:distribution/E15UAFMDF8A22T",
            "caller_reference": "terraform-20260125192324550600000001",
            "comment": null,
            "connection_function_association": [],
            "continuous_deployment_policy_id": "",
            "custom_error_response": [
              {
                "error_caching_min_ttl": 0,
                "error_code": 404,
                "response_code": 200,
                "response_page_path": "/index.html"
              }
            ],
            "default_cache_behavior": [
              {
                "allowed_methods": [
                  "DELETE",
                  "GET",
                  "HEAD",
                  "OPTIONS",
                  "PATCH",
                  "POST",
                  "PUT"
                ],
                "cache_policy_id": "",
                "cached_methods": [
                  "GET",
                  "HEAD"
                ],
                "compress": false,
                "default_ttl": 3600,
                "field_level_encryption_id": "",
                "forwarded_values": [
                  {
                    "cookies": [
                      {
                        "forward": "none",
                        "whitelisted_names": []
                      }
                    ],
                    "headers": [],
                    "query_string": false,
                    "query_string_cache_keys": []
                  }
                ],
                "function_association": [],
                "grpc_config": [
                  {
                    "enabled": false
                  }
                ],
                "lambda_function_association": [],
                "max_ttl": 86400,
                "min_ttl": 0,
                "origin_request_policy_id": "",
                "realtime_log_config_arn": "",
                "response_headers_policy_id": "",
                "smooth_streaming": false,
                "target_origin_id": "S3-twin-test-frontend-956754411486",
                "trusted_key_groups": [],
                "trusted_signers": [],
                "viewer_protocol_policy": "redirect-to-https"
              }
            ],
            "default_root_object": "index.html",
            "domain_name": "d4hrygu5h81he.cloudfront.net",
            "enabled": true,
            "etag": "E3PW0MEZ1KGYC6",
            "hosted_zone_id": "Z2FDTNDATAQYW2",
            "http_version": "http2",
            "id": "E15UAFMDF8A22T",
            "in_progress_validation_batches": 0,
            "is_ipv6_enabled": true,
            "last_modified_time": "2026-01-27 02:32:22.714 +0000 UTC",
            "logging_config": [],
            "logging_v1_enabled": false,
            "ordered_cache_behavior": [],
            "origin": [
              {
                "connection_attempts": 3,
                "connection_timeout": 10,
                "custom_header": [],
                "custom_origin_config": [
                  {
                    "http_port": 80,
                    "https_port": 443,
                    "ip_address_type": "",
                    "origin_keepalive_timeout": 5,
                    "origin_protocol_policy": "http-only",
                    "origin_read_timeout": 30,
                    "origin_ssl_protocols": [
                      "TLSv1.2"
                    ]
                  }
                ],
                "domain_name": "twin-test-frontend-956754411486.s3-website.us-east-2.amazonaws.com",
                "origin_access_control_id": "",
                "origin_id": "S3-twin-test-frontend-956754411486",
                "origin_path": "",
                "origin_shield": [],
                "response_completion_timeout": 0,
                "s3_origin_config": [],
                "vpc_origin_config": []
              }
            ],
            "origin_group": [],
            "price_class": "PriceClass_All",
            "restrictions": [
              {
                "geo_restriction": [
                  {
                    "locations": [],
                    "restriction_type": "none"
                  }
                ]
              }
            ],
            "retain_on_delete": false,
            "staging": false,
            "status": "Deployed",
            "tags": {
              "Environment": "test",
              "ManagedBy": "terraform",
              "Project": "twin"
            },
            "tags_all": {
              "Environment": "test",
              "ManagedBy": "terraform",
              "Project": "twin"
            },
            "trusted_key_groups": [
              {
                "enabled": false,
                "items": []
              }
            ],
            "trusted_signers": [
              {
                "enabled": false,
                "items": []
              }
            ],
            "viewer_certificate": [
              {
                "acm_certificate_arn": "arn:aws:acm:us-east-1:956754411486:certificate/2607d28f-ca28-4678-a96f-510fda6cdacb",
                "cloudfront_default_certificate": false,
                "iam_certificate_id": "",
                "minimum_protocol_version": "TLSv1.2_2021",
                "ssl_support_method": "sni-only"
              }
            ],
            "viewer_mtls_config": [],
            "wait_for_deployment": true,
            "web_acl_id": ""
          },
          "sensitive_attributes": [],
          "identity_schema_version": 0,
          "private": "eyJzY2hlbWFfdmVyc2lvbiI6IjEifQ==",
          "dependencies": [
            "aws_acm_certificate.site",
            "aws_s3_bucket.frontend",
            "aws_s3_bucket_website_configuration.frontend",
            "data.aws_caller_identity.current"
          ]
        }
      ]
    },
    {
      "mode": "managed",
      "type": "aws_iam_role",
      "name": "lambda_role",
      "provider": "provider[\"registry.terraform.io/hashicorp/aws\"]",
      "instances": [
        {
          "schema_version": 0,
          "attributes": {
            "arn": "arn:aws:iam::956754411486:role/twin-test-lambda-role",
            "assume_role_policy": "{\"Statement\":[{\"Action\":\"sts:AssumeRole\",\"Effect\":\"Allow\",\"Principal\":{\"Service\":\"lambda.amazonaws.com\"}}],\"Version\":\"2012-10-17\"}",
            "create_date": "2026-01-25T19:23:22Z",
            "description": "",
            "force_detach_policies": false,
            "id": "twin-test-lambda-role",
            "inline_policy": [],
            "managed_policy_arns": [
              "arn:aws:iam::aws:policy/AmazonBedrockFullAccess",
              "arn:aws:iam::aws:policy/AmazonS3FullAccess",
              "arn:aws:iam::aws:policy/service-role/AWSLambdaBasicExecutionRole"
            ],
            "max_session_duration": 3600,
            "name": "twin-test-lambda-role",
            "name_prefix": "",
            "path": "/",
            "permissions_boundary": "",
            "tags": {
              "Environment": "test",
              "ManagedBy": "terraform",
              "Project": "twin"
            },
            "tags_all": {
              "Environment": "test",
              "ManagedBy": "terraform",
              "Project": "twin"
            },
            "unique_id": "AROA55QYBX7PE5J3EOB7H"
          },
          "sensitive_attributes": [],
          "identity_schema_version": 0,
          "identity": {
            "account_id": "956754411486",
            "name": "twin-test-lambda-role"
          },
          "private": "bnVsbA=="
        }
      ]
    },
    {
      "mode": "managed",
      "type": "aws_iam_role_policy_attachment",
      "name": "lambda_basic",
      "provider": "provider[\"registry.terraform.io/hashicorp/aws\"]",
      "instances": [
        {
          "schema_version": 0,
          "attributes": {
            "id": "twin-test-lambda-role/arn:aws:iam::aws:policy/service-role/AWSLambdaBasicExecutionRole",
            "policy_arn": "arn:aws:iam::aws:policy/service-role/AWSLambdaBasicExecutionRole",
            "role": "twin-test-lambda-role"
          },
          "sensitive_attributes": [],
          "identity_schema_version": 0,
          "identity": {
            "account_id": "956754411486",
            "policy_arn": "arn:aws:iam::aws:policy/service-role/AWSLambdaBasicExecutionRole",
            "role": "twin-test-lambda-role"
          },
          "private": "bnVsbA==",
          "dependencies": [
            "aws_iam_role.lambda_role"
          ]
        }
      ]
    },
    {
      "mode": "managed",
      "type": "aws_iam_role_policy_attachment",
      "name": "lambda_bedrock",
      "provider": "provider[\"registry.terraform.io/hashicorp/aws\"]",
      "instances": [
        {
          "schema_version": 0,
          "attributes": {
            "id": "twin-test-lambda-role/arn:aws:iam::aws:policy/AmazonBedrockFullAccess",
            "policy_arn": "arn:aws:iam::aws:policy/AmazonBedrockFullAccess",
            "role": "twin-test-lambda-role"
          },
          "sensitive_attributes": [],
          "identity_schema_version": 0,
          "identity": {
            "account_id": "956754411486",
            "policy_arn": "arn:aws:iam::aws:policy/AmazonBedrockFullAccess",
            "role": "twin-test-lambda-role"
          },
          "private": "bnVsbA==",
          "dependencies": [
            "aws_iam_role.lambda_role"
          ]
        }
      ]
    },
    {
      "mode": "managed",
      "type": "aws_iam_role_policy_attachment",
      "name": "lambda_s3",
      "provider": "provider[\"registry.terraform.io/hashicorp/aws\"]",
      "instances": [
        {
          "schema_version": 0,
          "attributes": {
            "id": "twin-test-lambda-role/arn:aws:iam::aws:policy/AmazonS3FullAccess",
            "policy_arn": "arn:aws:iam::aws:policy/AmazonS3FullAccess",
            "role": "twin-test-lambda-role"
          },
          "sensitive_attributes": [],
          "identity_schema_version": 0,
          "identity": {
            "account_id": "956754411486",
            "policy_arn": "arn:aws:iam::aws:policy/AmazonS3FullAccess",
            "role": "twin-test-lambda-role"
          },
          "private": "bnVsbA==",
          "dependencies": [
            "aws_iam_role.lambda_role"
          ]
        }
      ]
    },
    {
      "mode": "managed",
      "type": "aws_lambda_function",
      "name": "api",
      "provider": "provider[\"registry.terraform.io/hashicorp/aws\"]",
      "instances": [
        {
          "schema_version": 0,
          "attributes": {
            "architectures": [
              "x86_64"
            ],
            "arn": "arn:aws:lambda:us-east-2:956754411486:function:twin-test-api",
            "capacity_provider_config": [],
            "code_sha256": "qlSkZ6XbV3xALis8lLYc4ao5NvJDagnKz8vVG4EJ2tw=",
            "code_signing_config_arn": "",
            "dead_letter_config": [],
            "description": "",
            "durable_config": [],
            "environment": [
              {
                "variables": {
                  "BEDROCK_MODEL_ID": "amazon.nova-micro-v1:0",
                  "CORS_ORIGINS": "https://anandiyerdigitwin.com,https://www.anandiyerdigitwin.com",
                  "S3_BUCKET": "twin-test-memory-956754411486",
                  "USE_S3": "true"
                }
              }
            ],
            "ephemeral_storage": [
              {
                "size": 512
              }
            ],
            "file_system_config": [],
            "filename": "./../backend/lambda-deployment.zip",
            "function_name": "twin-test-api",
            "handler": "lambda_handler.handler",
            "id": "twin-test-api",
            "image_config": [],
            "image_uri": "",
            "invoke_arn": "arn:aws:apigateway:us-east-2:lambda:path/2015-03-31/functions/arn:aws:lambda:us-east-2:956754411486:function:twin-test-api/invocations",
            "kms_key_arn": "",
            "last_modified": "2026-01-27T19:50:15.000+0000",
            "layers": [],
            "logging_config": [
              {
                "application_log_level": "",
                "log_format": "Text",
                "log_group": "/aws/lambda/twin-test-api",
                "system_log_level": ""
              }
            ],
            "memory_size": 128,
            "package_type": "Zip",
            "publish": false,
            "publish_to": null,
            "qualified_arn": "arn:aws:lambda:us-east-2:956754411486:function:twin-test-api:$LATEST",
            "qualified_invoke_arn": "arn:aws:apigateway:us-east-2:lambda:path/2015-03-31/functions/arn:aws:lambda:us-east-2:956754411486:function:twin-test-api:$LATEST/invocations",
            "region": "us-east-2",
            "replace_security_groups_on_destroy": null,
            "replacement_security_group_ids": null,
            "reserved_concurrent_executions": -1,
            "response_streaming_invoke_arn": "arn:aws:apigateway:us-east-2:lambda:path/2021-11-15/functions/arn:aws:lambda:us-east-2:956754411486:function:twin-test-api/response-streaming-invocations",
            "role": "arn:aws:iam::956754411486:role/twin-test-lambda-role",
            "runtime": "python3.12",
            "s3_bucket": null,
            "s3_key": null,
            "s3_object_version": null,
            "signing_job_arn": "",
            "signing_profile_version_arn": "",
            "skip_destroy": false,
            "snap_start": [],
            "source_code_hash": "qlSkZ6XbV3xALis8lLYc4ao5NvJDagnKz8vVG4EJ2tw=",
            "source_code_size": 22916464,
            "source_kms_key_arn": "",
            "tags": {
              "Environment": "test",
              "ManagedBy": "terraform",
              "Project": "twin"
            },
            "tags_all": {
              "Environment": "test",
              "ManagedBy": "terraform",
              "Project": "twin"
            },
            "tenancy_config": [],
            "timeout": 60,
            "timeouts": null,
            "tracing_config": [
              {
                "mode": "PassThrough"
              }
            ],
            "version": "$LATEST",
            "vpc_config": []
          },
          "sensitive_attributes": [],
          "identity_schema_version": 0,
          "identity": {
            "account_id": "956754411486",
            "function_name": "twin-test-api",
            "region": "us-east-2"
          },
          "private": "eyJlMmJmYjczMC1lY2FhLTExZTYtOGY4OC0zNDM2M2JjN2M0YzAiOnsiY3JlYXRlIjo2MDAwMDAwMDAwMDAsImRlbGV0ZSI6NjAwMDAwMDAwMDAwLCJ1cGRhdGUiOjYwMDAwMDAwMDAwMH19",
          "dependencies": [
            "aws_acm_certificate.site",
            "aws_cloudfront_distribution.main",
            "aws_iam_role.lambda_role",
            "aws_s3_bucket.frontend",
            "aws_s3_bucket.memory",
            "aws_s3_bucket_website_configuration.frontend",
            "data.aws_caller_identity.current"
          ]
        }
      ]
    },
    {
      "mode": "managed",
      "type": "aws_lambda_permission",
      "name": "api_gw",
      "provider": "provider[\"registry.terraform.io/hashicorp/aws\"]",
      "instances": [
        {
          "schema_version": 0,
          "attributes": {
            "action": "lambda:InvokeFunction",
            "event_source_token": null,
            "function_name": "twin-test-api",
            "function_url_auth_type": null,
            "id": "AllowExecutionFromAPIGateway",
            "invoked_via_function_url": null,
            "principal": "apigateway.amazonaws.com",
            "principal_org_id": null,
            "qualifier": "",
            "region": "us-east-2",
            "source_account": null,
            "source_arn": "arn:aws:execute-api:us-east-2:956754411486:bnrsxjxkob/*/*",
            "statement_id": "AllowExecutionFromAPIGateway",
            "statement_id_prefix": ""
          },
          "sensitive_attributes": [],
          "identity_schema_version": 0,
          "identity": {
            "account_id": "956754411486",
            "function_name": "twin-test-api",
            "qualifier": null,
            "region": "us-east-2",
            "statement_id": "AllowExecutionFromAPIGateway"
          },
          "private": "bnVsbA==",
          "dependencies": [
            "aws_acm_certificate.site",
            "aws_apigatewayv2_api.main",
            "aws_cloudfront_distribution.main",
            "aws_iam_role.lambda_role",
            "aws_lambda_function.api",
            "aws_s3_bucket.frontend",
            "aws_s3_bucket.memory",
            "aws_s3_bucket_website_configuration.frontend",
            "data.aws_caller_identity.current"
          ]
        }
      ]
    },
    {
      "mode": "managed",
      "type": "aws_route53_record",
      "name": "alias_root",
      "provider": "provider[\"registry.terraform.io/hashicorp/aws\"]",
      "instances": [
        {
          "index_key": 0,
          "schema_version": 2,
          "attributes": {
            "alias": [
              {
                "evaluate_target_health": false,
                "name": "d4hrygu5h81he.cloudfront.net",
                "zone_id": "Z2FDTNDATAQYW2"
              }
            ],
            "allow_overwrite": null,
            "cidr_routing_policy": [],
            "failover_routing_policy": [],
            "fqdn": "anandiyerdigitwin.com",
            "geolocation_routing_policy": [],
            "geoproximity_routing_policy": [],
            "health_check_id": "",
            "id": "Z01071911UDPY7CN3PRVK_anandiyerdigitwin.com_A",
            "latency_routing_policy": [],
            "multivalue_answer_routing_policy": false,
            "name": "anandiyerdigitwin.com",
            "records": [],
            "set_identifier": "",
            "timeouts": null,
            "ttl": 0,
            "type": "A",
            "weighted_routing_policy": [],
            "zone_id": "Z01071911UDPY7CN3PRVK"
          },
          "sensitive_attributes": [],
          "identity_schema_version": 0,
          "identity": {
            "account_id": "956754411486",
            "name": "anandiyerdigitwin.com",
            "set_identifier": null,
            "type": "A",
            "zone_id": "Z01071911UDPY7CN3PRVK"
          },
          "private": "eyJlMmJmYjczMC1lY2FhLTExZTYtOGY4OC0zNDM2M2JjN2M0YzAiOnsiY3JlYXRlIjoxODAwMDAwMDAwMDAwLCJkZWxldGUiOjE4MDAwMDAwMDAwMDAsInVwZGF0ZSI6MTgwMDAwMDAwMDAwMH0sInNjaGVtYV92ZXJzaW9uIjoiMiJ9",
          "dependencies": [
            "aws_acm_certificate.site",
            "aws_cloudfront_distribution.main",
            "aws_s3_bucket.frontend",
            "aws_s3_bucket_website_configuration.frontend",
            "data.aws_caller_identity.current",
            "data.aws_route53_zone.root"
          ]
        }
      ]
    },
    {
      "mode": "managed",
      "type": "aws_route53_record",
      "name": "alias_root_ipv6",
      "provider": "provider[\"registry.terraform.io/hashicorp/aws\"]",
      "instances": [
        {
          "index_key": 0,
          "schema_version": 2,
          "attributes": {
            "alias": [
              {
                "evaluate_target_health": false,
                "name": "d4hrygu5h81he.cloudfront.net",
                "zone_id": "Z2FDTNDATAQYW2"
              }
            ],
            "allow_overwrite": null,
            "cidr_routing_policy": [],
            "failover_routing_policy": [],
            "fqdn": "anandiyerdigitwin.com",
            "geolocation_routing_policy": [],
            "geoproximity_routing_policy": [],
            "health_check_id": "",
            "id": "Z01071911UDPY7CN3PRVK_anandiyerdigitwin.com_AAAA",
            "latency_routing_policy": [],
            "multivalue_answer_routing_policy": false,
            "name": "anandiyerdigitwin.com",
            "records": [],
            "set_identifier": "",
            "timeouts": null,
            "ttl": 0,
            "type": "AAAA",
            "weighted_routing_policy": [],
            "zone_id": "Z01071911UDPY7CN3PRVK"
          },
          "sensitive_attributes": [],
          "identity_schema_version": 0,
          "identity": {
            "account_id": "956754411486",
            "name": "anandiyerdigitwin.com",
            "set_identifier": null,
            "type": "AAAA",
            "zone_id": "Z01071911UDPY7CN3PRVK"
          },
          "private": "eyJlMmJmYjczMC1lY2FhLTExZTYtOGY4OC0zNDM2M2JjN2M0YzAiOnsiY3JlYXRlIjoxODAwMDAwMDAwMDAwLCJkZWxldGUiOjE4MDAwMDAwMDAwMDAsInVwZGF0ZSI6MTgwMDAwMDAwMDAwMH0sInNjaGVtYV92ZXJzaW9uIjoiMiJ9",
          "dependencies": [
            "aws_acm_certificate.site",
            "aws_cloudfront_distribution.main",
            "aws_s3_bucket.frontend",
            "aws_s3_bucket_website_configuration.frontend",
            "data.aws_caller_identity.current",
            "data.aws_route53_zone.root"
          ]
        }
      ]
    },
    {
      "mode": "managed",
      "type": "aws_route53_record",
      "name": "alias_www",
      "provider": "provider[\"registry.terraform.io/hashicorp/aws\"]",
      "instances": [
        {
          "index_key": 0,
          "schema_version": 2,
          "attributes": {
            "alias": [
              {
                "evaluate_target_health": false,
                "name": "d4hrygu5h81he.cloudfront.net",
                "zone_id": "Z2FDTNDATAQYW2"
              }
            ],
            "allow_overwrite": null,
            "cidr_routing_policy": [],
            "failover_routing_policy": [],
            "fqdn": "www.anandiyerdigitwin.com",
            "geolocation_routing_policy": [],
            "geoproximity_routing_policy": [],
            "health_check_id": "",
            "id": "Z01071911UDPY7CN3PRVK_www.anandiyerdigitwin.com_A",
            "latency_routing_policy": [],
            "multivalue_answer_routing_policy": false,
            "name": "www.anandiyerdigitwin.com",
            "records": [],
            "set_identifier": "",
            "timeouts": null,
            "ttl": 0,
            "type": "A",
            "weighted_routing_policy": [],
            "zone_id": "Z01071911UDPY7CN3PRVK"
          },
          "sensitive_attributes": [],
          "identity_schema_version": 0,
          "identity": {
            "account_id": "956754411486",
            "name": "www.anandiyerdigitwin.com",
            "set_identifier": null,
            "type": "A",
            "zone_id": "Z01071911UDPY7CN3PRVK"
          },
          "private": "eyJlMmJmYjczMC1lY2FhLTExZTYtOGY4OC0zNDM2M2JjN2M0YzAiOnsiY3JlYXRlIjoxODAwMDAwMDAwMDAwLCJkZWxldGUiOjE4MDAwMDAwMDAwMDAsInVwZGF0ZSI6MTgwMDAwMDAwMDAwMH0sInNjaGVtYV92ZXJzaW9uIjoiMiJ9",
          "dependencies": [
            "aws_acm_certificate.site",
            "aws_cloudfront_distribution.main",
            "aws_s3_bucket.frontend",
            "aws_s3_bucket_website_configuration.frontend",
            "data.aws_caller_identity.current",
            "data.aws_route53_zone.root"
          ]
        }
      ]
    },
    {
      "mode": "managed",
      "type": "aws_route53_record",
      "name": "alias_www_ipv6",
      "provider": "provider[\"registry.terraform.io/hashicorp/aws\"]",
      "instances": [
        {
          "index_key": 0,
          "schema_version": 2,
          "attributes": {
            "alias": [
              {
                "evaluate_target_health": false,
                "name": "d4hrygu5h81he.cloudfront.net",
                "zone_id": "Z2FDTNDATAQYW2"
              }
            ],
            "allow_overwrite": null,
            "cidr_routing_policy": [],
            "failover_routing_policy": [],
            "fqdn": "www.anandiyerdigitwin.com",
            "geolocation_routing_policy": [],
            "geoproximity_routing_policy": [],
            "health_check_id": "",
            "id": "Z01071911UDPY7CN3PRVK_www.anandiyerdigitwin.com_AAAA",
            "latency_routing_policy": [],
            "multivalue_answer_routing_policy": false,
            "name": "www.anandiyerdigitwin.com",
            "records": [],
            "set_identifier": "",
            "timeouts": null,
            "ttl": 0,
            "type": "AAAA",
            "weighted_routing_policy": [],
            "zone_id": "Z01071911UDPY7CN3PRVK"
          },
          "sensitive_attributes": [],
          "identity_schema_version": 0,
          "identity": {
            "account_id": "956754411486",
            "name": "www.anandiyerdigitwin.com",
            "set_identifier": null,
            "type": "AAAA",
            "zone_id": "Z01071911UDPY7CN3PRVK"
          },
          "private": "eyJlMmJmYjczMC1lY2FhLTExZTYtOGY4OC0zNDM2M2JjN2M0YzAiOnsiY3JlYXRlIjoxODAwMDAwMDAwMDAwLCJkZWxldGUiOjE4MDAwMDAwMDAwMDAsInVwZGF0ZSI6MTgwMDAwMDAwMDAwMH0sInNjaGVtYV92ZXJzaW9uIjoiMiJ9",
          "dependencies": [
            "aws_acm_certificate.site",
            "aws_cloudfront_distribution.main",
            "aws_s3_bucket.frontend",
            "aws_s3_bucket_website_configuration.frontend",
            "data.aws_caller_identity.current",
            "data.aws_route53_zone.root"
          ]
        }
      ]
    },
    {
      "mode": "managed",
      "type": "aws_route53_record",
      "name": "site_validation",
      "provider": "provider[\"registry.terraform.io/hashicorp/aws\"]",
      "instances": [
        {
          "index_key": "anandiyerdigitwin.com",
          "schema_version": 2,
          "attributes": {
            "alias": [],
            "allow_overwrite": null,
            "cidr_routing_policy": [],
            "failover_routing_policy": [],
            "fqdn": "_6ee8309cb8e99bca86812a86ec49e34a.anandiyerdigitwin.com",
            "geolocation_routing_policy": [],
            "geoproximity_routing_policy": [],
            "health_check_id": "",
            "id": "Z01071911UDPY7CN3PRVK__6ee8309cb8e99bca86812a86ec49e34a.anandiyerdigitwin.com._CNAME",
            "latency_routing_policy": [],
            "multivalue_answer_routing_policy": false,
            "name": "_6ee8309cb8e99bca86812a86ec49e34a.anandiyerdigitwin.com",
            "records": [
              "_1fea5b0c756ee3f1be9e285621e5e948.jkddzztszm.acm-validations.aws."
            ],
            "set_identifier": "",
            "timeouts": null,
            "ttl": 300,
            "type": "CNAME",
            "weighted_routing_policy": [],
            "zone_id": "Z01071911UDPY7CN3PRVK"
          },
          "sensitive_attributes": [],
          "identity_schema_version": 0,
          "identity": {
            "account_id": "956754411486",
            "name": "_6ee8309cb8e99bca86812a86ec49e34a.anandiyerdigitwin.com",
            "set_identifier": null,
            "type": "CNAME",
            "zone_id": "Z01071911UDPY7CN3PRVK"
          },
          "private": "eyJlMmJmYjczMC1lY2FhLTExZTYtOGY4OC0zNDM2M2JjN2M0YzAiOnsiY3JlYXRlIjoxODAwMDAwMDAwMDAwLCJkZWxldGUiOjE4MDAwMDAwMDAwMDAsInVwZGF0ZSI6MTgwMDAwMDAwMDAwMH0sInNjaGVtYV92ZXJzaW9uIjoiMiJ9",
          "dependencies": [
            "aws_acm_certificate.site",
            "data.aws_route53_zone.root"
          ]
        },
        {
          "index_key": "www.anandiyerdigitwin.com",
          "schema_version": 2,
          "attributes": {
            "alias": [],
            "allow_overwrite": null,
            "cidr_routing_policy": [],
            "failover_routing_policy": [],
            "fqdn": "_1e1387ece32bc6446affef691c2cd0c6.www.anandiyerdigitwin.com",
            "geolocation_routing_policy": [],
            "geoproximity_routing_policy": [],
            "health_check_id": "",
            "id": "Z01071911UDPY7CN3PRVK__1e1387ece32bc6446affef691c2cd0c6.www.anandiyerdigitwin.com._CNAME",
            "latency_routing_policy": [],
            "multivalue_answer_routing_policy": false,
            "name": "_1e1387ece32bc6446affef691c2cd0c6.www.anandiyerdigitwin.com",
            "records": [
              "_2fc6155b7f22f3d73b443fc5077b42fb.jkddzztszm.acm-validations.aws."
            ],
            "set_identifier": "",
            "timeouts": null,
            "ttl": 300,
            "type": "CNAME",
            "weighted_routing_policy": [],
            "zone_id": "Z01071911UDPY7CN3PRVK"
          },
          "sensitive_attributes": [],
          "identity_schema_version": 0,
          "identity": {
            "account_id": "956754411486",
            "name": "_1e1387ece32bc6446affef691c2cd0c6.www.anandiyerdigitwin.com",
            "set_identifier": null,
            "type": "CNAME",
            "zone_id": "Z01071911UDPY7CN3PRVK"
          },
          "private": "eyJlMmJmYjczMC1lY2FhLTExZTYtOGY4OC0zNDM2M2JjN2M0YzAiOnsiY3JlYXRlIjoxODAwMDAwMDAwMDAwLCJkZWxldGUiOjE4MDAwMDAwMDAwMDAsInVwZGF0ZSI6MTgwMDAwMDAwMDAwMH0sInNjaGVtYV92ZXJzaW9uIjoiMiJ9",
          "dependencies": [
            "aws_acm_certificate.site",
            "data.aws_route53_zone.root"
          ]
        }
      ]
    },
    {
      "mode": "managed",
      "type": "aws_s3_bucket",
      "name": "frontend",
      "provider": "provider[\"registry.terraform.io/hashicorp/aws\"]",
      "instances": [
        {
          "schema_version": 0,
          "attributes": {
            "acceleration_status": "",
            "acl": null,
            "arn": "arn:aws:s3:::twin-test-frontend-956754411486",
            "bucket": "twin-test-frontend-956754411486",
            "bucket_domain_name": "twin-test-frontend-956754411486.s3.amazonaws.com",
            "bucket_prefix": "",
            "bucket_region": "us-east-2",
            "bucket_regional_domain_name": "twin-test-frontend-956754411486.s3.us-east-2.amazonaws.com",
            "cors_rule": [],
            "force_destroy": false,
            "grant": [
              {
                "id": "b816883ad4585e24e5517f32425a1a3c9e5596a0d4550da7cab19c7c3a4b3fd2",
                "permissions": [
                  "FULL_CONTROL"
                ],
                "type": "CanonicalUser",
                "uri": ""
              }
            ],
            "hosted_zone_id": "Z2O1EMRO9K5GLX",
            "id": "twin-test-frontend-956754411486",
            "lifecycle_rule": [],
            "logging": [],
            "object_lock_configuration": [],
            "object_lock_enabled": false,
            "policy": "{\"Statement\":[{\"Action\":\"s3:GetObject\",\"Effect\":\"Allow\",\"Principal\":\"*\",\"Resource\":\"arn:aws:s3:::twin-test-frontend-956754411486/*\",\"Sid\":\"PublicReadGetObject\"}],\"Version\":\"2012-10-17\"}",
            "region": "us-east-2",
            "replication_configuration": [],
            "request_payer": "BucketOwner",
            "server_side_encryption_configuration": [
              {
                "rule": [
                  {
                    "apply_server_side_encryption_by_default": [
                      {
                        "kms_master_key_id": "",
                        "sse_algorithm": "AES256"
                      }
                    ],
                    "bucket_key_enabled": false
                  }
                ]
              }
            ],
            "tags": {
              "Environment": "test",
              "ManagedBy": "terraform",
              "Project": "twin"
            },
            "tags_all": {
              "Environment": "test",
              "ManagedBy": "terraform",
              "Project": "twin"
            },
            "timeouts": null,
            "versioning": [
              {
                "enabled": false,
                "mfa_delete": false
              }
            ],
            "website": [
              {
                "error_document": "404.html",
                "index_document": "index.html",
                "redirect_all_requests_to": "",
                "routing_rules": ""
              }
            ],
            "website_domain": "s3-website.us-east-2.amazonaws.com",
            "website_endpoint": "twin-test-frontend-956754411486.s3-website.us-east-2.amazonaws.com"
          },
          "sensitive_attributes": [],
          "identity_schema_version": 0,
          "identity": {
            "account_id": "956754411486",
            "bucket": "twin-test-frontend-956754411486",
            "region": "us-east-2"
          },
          "private": "eyJlMmJmYjczMC1lY2FhLTExZTYtOGY4OC0zNDM2M2JjN2M0YzAiOnsiY3JlYXRlIjoxMjAwMDAwMDAwMDAwLCJkZWxldGUiOjM2MDAwMDAwMDAwMDAsInJlYWQiOjEyMDAwMDAwMDAwMDAsInVwZGF0ZSI6MTIwMDAwMDAwMDAwMH19",
          "dependencies": [
            "data.aws_caller_identity.current"
          ]
        }
      ]
    },
    {
      "mode": "managed",
      "type": "aws_s3_bucket",
      "name": "memory",
      "provider": "provider[\"registry.terraform.io/hashicorp/aws\"]",
      "instances": [
        {
          "schema_version": 0,
          "attributes": {
            "acceleration_status": "",
            "acl": null,
            "arn": "arn:aws:s3:::twin-test-memory-956754411486",
            "bucket": "twin-test-memory-956754411486",
            "bucket_domain_name": "twin-test-memory-956754411486.s3.amazonaws.com",
            "bucket_prefix": "",
            "bucket_region": "us-east-2",
            "bucket_regional_domain_name": "twin-test-memory-956754411486.s3.us-east-2.amazonaws.com",
            "cors_rule": [],
            "force_destroy": false,
            "grant": [
              {
                "id": "b816883ad4585e24e5517f32425a1a3c9e5596a0d4550da7cab19c7c3a4b3fd2",
                "permissions": [
                  "FULL_CONTROL"
                ],
                "type": "CanonicalUser",
                "uri": ""
              }
            ],
            "hosted_zone_id": "Z2O1EMRO9K5GLX",
            "id": "twin-test-memory-956754411486",
            "lifecycle_rule": [],
            "logging": [],
            "object_lock_configuration": [],
            "object_lock_enabled": false,
            "policy": "",
            "region": "us-east-2",
            "replication_configuration": [],
            "request_payer": "BucketOwner",
            "server_side_encryption_configuration": [
              {
                "rule": [
                  {
                    "apply_server_side_encryption_by_default": [
                      {
                        "kms_master_key_id": "",
                        "sse_algorithm": "AES256"
                      }
                    ],
                    "bucket_key_enabled": false
                  }
                ]
              }
            ],
            "tags": {
              "Environment": "test",
              "ManagedBy": "terraform",
              "Project": "twin"
            },
            "tags_all": {
              "Environment": "test",
              "ManagedBy": "terraform",
              "Project": "twin"
            },
            "timeouts": null,
            "versioning": [
              {
                "enabled": false,
                "mfa_delete": false
              }
            ],
            "website": [],
            "website_domain": null,
            "website_endpoint": null
          },
          "sensitive_attributes": [],
          "identity_schema_version": 0,
          "identity": {
            "account_id": "956754411486",
            "bucket": "twin-test-memory-956754411486",
            "region": "us-east-2"
          },
          "private": "eyJlMmJmYjczMC1lY2FhLTExZTYtOGY4OC0zNDM2M2JjN2M0YzAiOnsiY3JlYXRlIjoxMjAwMDAwMDAwMDAwLCJkZWxldGUiOjM2MDAwMDAwMDAwMDAsInJlYWQiOjEyMDAwMDAwMDAwMDAsInVwZGF0ZSI6MTIwMDAwMDAwMDAwMH19",
          "dependencies": [
            "data.aws_caller_identity.current"
          ]
        }
      ]
    },
    {
      "mode": "managed",
      "type": "aws_s3_bucket_ownership_controls",
      "name": "memory",
      "provider": "provider[\"registry.terraform.io/hashicorp/aws\"]",
      "instances": [
        {
          "schema_version": 0,
          "attributes": {
            "bucket": "twin-test-memory-956754411486",
            "id": "twin-test-memory-956754411486",
            "region": "us-east-2",
            "rule": [
              {
                "object_ownership": "BucketOwnerEnforced"
              }
            ]
          },
          "sensitive_attributes": [],
          "identity_schema_version": 0,
          "identity": {
            "account_id": "956754411486",
            "bucket": "twin-test-memory-956754411486",
            "region": "us-east-2"
          },
          "private": "bnVsbA==",
          "dependencies": [
            "aws_s3_bucket.memory",
            "data.aws_caller_identity.current"
          ]
        }
      ]
    },
    {
      "mode": "managed",
      "type": "aws_s3_bucket_policy",
      "name": "frontend",
      "provider": "provider[\"registry.terraform.io/hashicorp/aws\"]",
      "instances": [
        {
          "schema_version": 0,
          "attributes": {
            "bucket": "twin-test-frontend-956754411486",
            "id": "twin-test-frontend-956754411486",
            "policy": "{\"Statement\":[{\"Action\":\"s3:GetObject\",\"Effect\":\"Allow\",\"Principal\":\"*\",\"Resource\":\"arn:aws:s3:::twin-test-frontend-956754411486/*\",\"Sid\":\"PublicReadGetObject\"}],\"Version\":\"2012-10-17\"}",
            "region": "us-east-2"
          },
          "sensitive_attributes": [],
          "identity_schema_version": 0,
          "identity": {
            "account_id": "956754411486",
            "bucket": "twin-test-frontend-956754411486",
            "region": "us-east-2"
          },
          "private": "bnVsbA==",
          "dependencies": [
            "aws_s3_bucket.frontend",
            "aws_s3_bucket_public_access_block.frontend",
            "data.aws_caller_identity.current"
          ]
        }
      ]
    },
    {
      "mode": "managed",
      "type": "aws_s3_bucket_public_access_block",
      "name": "frontend",
      "provider": "provider[\"registry.terraform.io/hashicorp/aws\"]",
      "instances": [
        {
          "schema_version": 0,
          "attributes": {
            "block_public_acls": false,
            "block_public_policy": false,
            "bucket": "twin-test-frontend-956754411486",
            "id": "twin-test-frontend-956754411486",
            "ignore_public_acls": false,
            "region": "us-east-2",
            "restrict_public_buckets": false,
            "skip_destroy": null
          },
          "sensitive_attributes": [],
          "identity_schema_version": 0,
          "identity": {
            "account_id": "956754411486",
            "bucket": "twin-test-frontend-956754411486",
            "region": "us-east-2"
          },
          "private": "bnVsbA==",
          "dependencies": [
            "aws_s3_bucket.frontend",
            "data.aws_caller_identity.current"
          ]
        }
      ]
    },
    {
      "mode": "managed",
      "type": "aws_s3_bucket_public_access_block",
      "name": "memory",
      "provider": "provider[\"registry.terraform.io/hashicorp/aws\"]",
      "instances": [
        {
          "schema_version": 0,
          "attributes": {
            "block_public_acls": true,
            "block_public_policy": true,
            "bucket": "twin-test-memory-956754411486",
            "id": "twin-test-memory-956754411486",
            "ignore_public_acls": true,
            "region": "us-east-2",
            "restrict_public_buckets": true,
            "skip_destroy": null
          },
          "sensitive_attributes": [],
          "identity_schema_version": 0,
          "identity": {
            "account_id": "956754411486",
            "bucket": "twin-test-memory-956754411486",
            "region": "us-east-2"
          },
          "private": "bnVsbA==",
          "dependencies": [
            "aws_s3_bucket.memory",
            "data.aws_caller_identity.current"
          ]
        }
      ]
    },
    {
      "mode": "managed",
      "type": "aws_s3_bucket_website_configuration",
      "name": "frontend",
      "provider": "provider[\"registry.terraform.io/hashicorp/aws\"]",
      "instances": [
        {
          "schema_version": 0,
          "attributes": {
            "bucket": "twin-test-frontend-956754411486",
            "error_document": [
              {
                "key": "404.html"
              }
            ],
            "expected_bucket_owner": "",
            "id": "twin-test-frontend-956754411486",
            "index_document": [
              {
                "suffix": "index.html"
              }
            ],
            "redirect_all_requests_to": [],
            "region": "us-east-2",
            "routing_rule": [],
            "routing_rules": "",
            "website_domain": "s3-website.us-east-2.amazonaws.com",
            "website_endpoint": "twin-test-frontend-956754411486.s3-website.us-east-2.amazonaws.com"
          },
          "sensitive_attributes": [],
          "identity_schema_version": 0,
          "identity": {
            "account_id": "956754411486",
            "bucket": "twin-test-frontend-956754411486",
            "expected_bucket_owner": null,
            "region": "us-east-2"
          },
          "private": "bnVsbA==",
          "dependencies": [
            "aws_s3_bucket.frontend",
            "data.aws_caller_identity.current"
          ]
        }
      ]
    }
  ],
  "check_results": [
    {
      "object_kind": "var",
      "config_addr": "var.project_name",
      "status": "pass",
      "objects": [
        {
          "object_addr": "var.project_name",
          "status": "pass"
        }
      ]
    },
    {
      "object_kind": "var",
      "config_addr": "var.environment",
      "status": "pass",
      "objects": [
        {
          "object_addr": "var.environment",
          "status": "pass"
        }
      ]
    }
  ]
}
